// !$*UTF8*$!
{
	archiveVersion = 1;
	classes = {
	};
	objectVersion = 46;
	objects = {

/* Begin PBXBuildFile section */
		CB0A75E01B29937800AC5096 /* main.m in Sources */ = {isa = PBXBuildFile; fileRef = CB0A75DF1B29937800AC5096 /* main.m */; };
		CB0A75E31B29937800AC5096 /* AppDelegate.m in Sources */ = {isa = PBXBuildFile; fileRef = CB0A75E21B29937800AC5096 /* AppDelegate.m */; };
		CB0A75E61B29937800AC5096 /* ViewController.m in Sources */ = {isa = PBXBuildFile; fileRef = CB0A75E51B29937800AC5096 /* ViewController.m */; };
		CB0A75E91B29937800AC5096 /* Main.storyboard in Resources */ = {isa = PBXBuildFile; fileRef = CB0A75E71B29937800AC5096 /* Main.storyboard */; };
		CB0A75EB1B29937800AC5096 /* Images.xcassets in Resources */ = {isa = PBXBuildFile; fileRef = CB0A75EA1B29937800AC5096 /* Images.xcassets */; };
		CB0A75EE1B29937800AC5096 /* LaunchScreen.xib in Resources */ = {isa = PBXBuildFile; fileRef = CB0A75EC1B29937800AC5096 /* LaunchScreen.xib */; };
		CB0A75FA1B29937800AC5096 /* Test____IP__Tests.m in Sources */ = {isa = PBXBuildFile; fileRef = CB0A75F91B29937800AC5096 /* Test____IP__Tests.m */; };
		CB0A76071B2993DE00AC5096 /* XQIPAdress.c in Sources */ = {isa = PBXBuildFile; fileRef = CB0A76061B2993DE00AC5096 /* XQIPAdress.c */; };
/* End PBXBuildFile section */

/* Begin PBXContainerItemProxy section */
		CB0A75F41B29937800AC5096 /* PBXContainerItemProxy */ = {
			isa = PBXContainerItemProxy;
			containerPortal = CB0A75D21B29937800AC5096 /* Project object */;
			proxyType = 1;
			remoteGlobalIDString = CB0A75D91B29937800AC5096;
			remoteInfo = "Test获取本机IP地址";
		};
/* End PBXContainerItemProxy section */

/* Begin PBXFileReference section */
		CB0A75DA1B29937800AC5096 /* Test获取本机IP地址.app */ = {isa = PBXFileReference; explicitFileType = wrapper.application; includeInIndex = 0; path = "Test获取本机IP地址.app"; sourceTree = BUILT_PRODUCTS_DIR; };
		CB0A75DE1B29937800AC5096 /* Info.plist */ = {isa = PBXFileReference; lastKnownFileType = text.plist.xml; path = Info.plist; sourceTree = "<group>"; };
		CB0A75DF1B29937800AC5096 /* main.m */ = {isa = PBXFileReference; lastKnownFileType = sourcecode.c.objc; path = main.m; sourceTree = "<group>"; };
		CB0A75E11B29937800AC5096 /* AppDelegate.h */ = {isa = PBXFileReference; lastKnownFileType = sourcecode.c.h; path = AppDelegate.h; sourceTree = "<group>"; };
		CB0A75E21B29937800AC5096 /* AppDelegate.m */ = {isa = PBXFileReference; lastKnownFileType = sourcecode.c.objc; path = AppDelegate.m; sourceTree = "<group>"; };
		CB0A75E41B29937800AC5096 /* ViewController.h */ = {isa = PBXFileReference; lastKnownFileType = sourcecode.c.h; path = ViewController.h; sourceTree = "<group>"; };
		CB0A75E51B29937800AC5096 /* ViewController.m */ = {isa = PBXFileReference; lastKnownFileType = sourcecode.c.objc; path = ViewController.m; sourceTree = "<group>"; };
		CB0A75E81B29937800AC5096 /* Base */ = {isa = PBXFileReference; lastKnownFileType = file.storyboard; name = Base; path = Base.lproj/Main.storyboard; sourceTree = "<group>"; };
		CB0A75EA1B29937800AC5096 /* Images.xcassets */ = {isa = PBXFileReference; lastKnownFileType = folder.assetcatalog; path = Images.xcassets; sourceTree = "<group>"; };
		CB0A75ED1B29937800AC5096 /* Base */ = {isa = PBXFileReference; lastKnownFileType = file.xib; name = Base; path = Base.lproj/LaunchScreen.xib; sourceTree = "<group>"; };
		CB0A75F31B29937800AC5096 /* Test获取本机IP地址Tests.xctest */ = {isa = PBXFileReference; explicitFileType = wrapper.cfbundle; includeInIndex = 0; path = "Test获取本机IP地址Tests.xctest"; sourceTree = BUILT_PRODUCTS_DIR; };
		CB0A75F81B29937800AC5096 /* Info.plist */ = {isa = PBXFileReference; lastKnownFileType = text.plist.xml; path = Info.plist; sourceTree = "<group>"; };
		CB0A75F91B29937800AC5096 /* Test____IP__Tests.m */ = {isa = PBXFileReference; lastKnownFileType = sourcecode.c.objc; path = "Test____IP__Tests.m"; sourceTree = "<group>"; };
		CB0A76061B2993DE00AC5096 /* XQIPAdress.c */ = {isa = PBXFileReference; fileEncoding = 4; lastKnownFileType = sourcecode.c.c; path = XQIPAdress.c; sourceTree = "<group>"; };
		CB0A76091B29941200AC5096 /* XQIPAdress.h */ = {isa = PBXFileReference; lastKnownFileType = sourcecode.c.h; path = XQIPAdress.h; sourceTree = "<group>"; };
/* End PBXFileReference section */

/* Begin PBXFrameworksBuildPhase section */
		CB0A75D71B29937800AC5096 /* Frameworks */ = {
			isa = PBXFrameworksBuildPhase;
			buildActionMask = 2147483647;
			files = (
			);
			runOnlyForDeploymentPostprocessing = 0;
		};
		CB0A75F01B29937800AC5096 /* Frameworks */ = {
			isa = PBXFrameworksBuildPhase;
			buildActionMask = 2147483647;
			files = (
			);
			runOnlyForDeploymentPostprocessing = 0;
		};
/* End PBXFrameworksBuildPhase section */

/* Begin PBXGroup section */
		CB0A75D11B29937800AC5096 = {
			isa = PBXGroup;
			children = (
				CB0A75DC1B29937800AC5096 /* Test获取本机IP地址 */,
				CB0A75F61B29937800AC5096 /* Test获取本机IP地址Tests */,
				CB0A75DB1B29937800AC5096 /* Products */,
			);
			sourceTree = "<group>";
		};
		CB0A75DB1B29937800AC5096 /* Products */ = {
			isa = PBXGroup;
			children = (
				CB0A75DA1B29937800AC5096 /* Test获取本机IP地址.app */,
				CB0A75F31B29937800AC5096 /* Test获取本机IP地址Tests.xctest */,
			);
			name = Products;
			sourceTree = "<group>";
		};
		CB0A75DC1B29937800AC5096 /* Test获取本机IP地址 */ = {
			isa = PBXGroup;
			children = (
				CB0A75E11B29937800AC5096 /* AppDelegate.h */,
				CB0A75E21B29937800AC5096 /* AppDelegate.m */,
				CB0A75E41B29937800AC5096 /* ViewController.h */,
				CB0A75E51B29937800AC5096 /* ViewController.m */,
				CB0A75E71B29937800AC5096 /* Main.storyboard */,
				CB0A75EA1B29937800AC5096 /* Images.xcassets */,
				CB0A75EC1B29937800AC5096 /* LaunchScreen.xib */,
				CB0A75DD1B29937800AC5096 /* Supporting Files */,
				CB0A76091B29941200AC5096 /* XQIPAdress.h */,
				CB0A76061B2993DE00AC5096 /* XQIPAdress.c */,
			);
			path = "Test获取本机IP地址";
			sourceTree = "<group>";
		};
		CB0A75DD1B29937800AC5096 /* Supporting Files */ = {
			isa = PBXGroup;
			children = (
				CB0A75DE1B29937800AC5096 /* Info.plist */,
				CB0A75DF1B29937800AC5096 /* main.m */,
			);
			name = "Supporting Files";
			sourceTree = "<group>";
		};
		CB0A75F61B29937800AC5096 /* Test获取本机IP地址Tests */ = {
			isa = PBXGroup;
			children = (
				CB0A75F91B29937800AC5096 /* Test____IP__Tests.m */,
				CB0A75F71B29937800AC5096 /* Supporting Files */,
			);
			path = "Test获取本机IP地址Tests";
			sourceTree = "<group>";
		};
		CB0A75F71B29937800AC5096 /* Supporting Files */ = {
			isa = PBXGroup;
			children = (
				CB0A75F81B29937800AC5096 /* Info.plist */,
			);
			name = "Supporting Files";
			sourceTree = "<group>";
		};
/* End PBXGroup section */

/* Begin PBXNativeTarget section */
		CB0A75D91B29937800AC5096 /* Test获取本机IP地址 */ = {
			isa = PBXNativeTarget;
			buildConfigurationList = CB0A75FD1B29937800AC5096 /* Build configuration list for PBXNativeTarget "Test获取本机IP地址" */;
			buildPhases = (
				CB0A75D61B29937800AC5096 /* Sources */,
				CB0A75D71B29937800AC5096 /* Frameworks */,
				CB0A75D81B29937800AC5096 /* Resources */,
			);
			buildRules = (
			);
			dependencies = (
			);
			name = "Test获取本机IP地址";
			productName = "Test获取本机IP地址";
			productReference = CB0A75DA1B29937800AC5096 /* Test获取本机IP地址.app */;
			productType = "com.apple.product-type.application";
		};
		CB0A75F21B29937800AC5096 /* Test获取本机IP地址Tests */ = {
			isa = PBXNativeTarget;
			buildConfigurationList = CB0A76001B29937800AC5096 /* Build configuration list for PBXNativeTarget "Test获取本机IP地址Tests" */;
			buildPhases = (
				CB0A75EF1B29937800AC5096 /* Sources */,
				CB0A75F01B29937800AC5096 /* Frameworks */,
				CB0A75F11B29937800AC5096 /* Resources */,
			);
			buildRules = (
			);
			dependencies = (
				CB0A75F51B29937800AC5096 /* PBXTargetDependency */,
			);
			name = "Test获取本机IP地址Tests";
			productName = "Test获取本机IP地址Tests";
			productReference = CB0A75F31B29937800AC5096 /* Test获取本机IP地址Tests.xctest */;
			productType = "com.apple.product-type.bundle.unit-test";
		};
/* End PBXNativeTarget section */

/* Begin PBXProject section */
		CB0A75D21B29937800AC5096 /* Project object */ = {
			isa = PBXProject;
			attributes = {
				LastUpgradeCheck = 0610;
				ORGANIZATIONNAME = SunSet;
				TargetAttributes = {
					CB0A75D91B29937800AC5096 = {
						CreatedOnToolsVersion = 6.1.1;
					};
					CB0A75F21B29937800AC5096 = {
						CreatedOnToolsVersion = 6.1.1;
						TestTargetID = CB0A75D91B29937800AC5096;
					};
				};
			};
			buildConfigurationList = CB0A75D51B29937800AC5096 /* Build configuration list for PBXProject "Test获取本机IP地址" */;
			compatibilityVersion = "Xcode 3.2";
			developmentRegion = English;
			hasScannedForEncodings = 0;
			knownRegions = (
				en,
				Base,
			);
			mainGroup = CB0A75D11B29937800AC5096;
			productRefGroup = CB0A75DB1B29937800AC5096 /* Products */;
			projectDirPath = "";
			projectRoot = "";
			targets = (
				CB0A75D91B29937800AC5096 /* Test获取本机IP地址 */,
				CB0A75F21B29937800AC5096 /* Test获取本机IP地址Tests */,
			);
		};
/* End PBXProject section */

/* Begin PBXResourcesBuildPhase section */
		CB0A75D81B29937800AC5096 /* Resources */ = {
			isa = PBXResourcesBuildPhase;
			buildActionMask = 2147483647;
			files = (
				CB0A75E91B29937800AC5096 /* Main.storyboard in Resources */,
				CB0A75EE1B29937800AC5096 /* LaunchScreen.xib in Resources */,
				CB0A75EB1B29937800AC5096 /* Images.xcassets in Resources */,
			);
			runOnlyForDeploymentPostprocessing = 0;
		};
		CB0A75F11B29937800AC5096 /* Resources */ = {
			isa = PBXResourcesBuildPhase;
			buildActionMask = 2147483647;
			files = (
			);
			runOnlyForDeploymentPostprocessing = 0;
		};
/* End PBXResourcesBuildPhase section */

/* Begin PBXSourcesBuildPhase section */
		CB0A75D61B29937800AC5096 /* Sources */ = {
			isa = PBXSourcesBuildPhase;
			buildActionMask = 2147483647;
			files = (
				CB0A76071B2993DE00AC5096 /* XQIPAdress.c in Sources */,
				CB0A75E61B29937800AC5096 /* ViewController.m in Sources */,
				CB0A75E31B29937800AC5096 /* AppDelegate.m in Sources */,
				CB0A75E01B29937800AC5096 /* main.m in Sources */,
			);
			runOnlyForDeploymentPostprocessing = 0;
		};
		CB0A75EF1B29937800AC5096 /* Sources */ = {
			isa = PBXSourcesBuildPhase;
			buildActionMask = 2147483647;
			files = (
				CB0A75FA1B29937800AC5096 /* Test____IP__Tests.m in Sources */,
			);
			runOnlyForDeploymentPostprocessing = 0;
		};
/* End PBXSourcesBuildPhase section */

/* Begin PBXTargetDependency section */
		CB0A75F51B29937800AC5096 /* PBXTargetDependency */ = {
			isa = PBXTargetDependency;
			target = CB0A75D91B29937800AC5096 /* Test获取本机IP地址 */;
			targetProxy = CB0A75F41B29937800AC5096 /* PBXContainerItemProxy */;
		};
/* End PBXTargetDependency section */

/* Begin PBXVariantGroup section */
		CB0A75E71B29937800AC5096 /* Main.storyboard */ = {
			isa = PBXVariantGroup;
			children = (
				CB0A75E81B29937800AC5096 /* Base */,
			);
			name = Main.storyboard;
			sourceTree = "<group>";
		};
		CB0A75EC1B29937800AC5096 /* LaunchScreen.xib */ = {
			isa = PBXVariantGroup;
			children = (
				CB0A75ED1B29937800AC5096 /* Base */,
			);
			name = LaunchScreen.xib;
			sourceTree = "<group>";
		};
/* End PBXVariantGroup section */

/* Begin XCBuildConfiguration section */
		CB0A75FB1B29937800AC5096 /* Debug */ = {
			isa = XCBuildConfiguration;
			buildSettings = {
				ALWAYS_SEARCH_USER_PATHS = NO;
				CLANG_CXX_LANGUAGE_STANDARD = "gnu++0x";
				CLANG_CXX_LIBRARY = "libc++";
				CLANG_ENABLE_MODULES = YES;
				CLANG_ENABLE_OBJC_ARC = YES;
				CLANG_WARN_BOOL_CONVERSION = YES;
				CLANG_WARN_CONSTANT_CONVERSION = YES;
				CLANG_WARN_DIRECT_OBJC_ISA_USAGE = YES_ERROR;
				CLANG_WARN_EMPTY_BODY = YES;
				CLANG_WARN_ENUM_CONVERSION = YES;
				CLANG_WARN_INT_CONVERSION = YES;
				CLANG_WARN_OBJC_ROOT_CLASS = YES_ERROR;
				CLANG_WARN_UNREACHABLE_CODE = YES;
				CLANG_WARN__DUPLICATE_METHOD_MATCH = YES;
				"CODE_SIGN_IDENTITY[sdk=iphoneos*]" = "iPhone Developer";
				COPY_PHASE_STRIP = NO;
				ENABLE_STRICT_OBJC_MSGSEND = YES;
				GCC_C_LANGUAGE_STANDARD = gnu99;
				GCC_DYNAMIC_NO_PIC = NO;
				GCC_OPTIMIZATION_LEVEL = 0;
				GCC_PREPROCESSOR_DEFINITIONS = (
					"DEBUG=1",
					"$(inherited)",
				);
				GCC_SYMBOLS_PRIVATE_EXTERN = NO;
				GCC_WARN_64_TO_32_BIT_CONVERSION = YES;
				GCC_WARN_ABOUT_RETURN_TYPE = YES_ERROR;
				GCC_WARN_UNDECLARED_SELECTOR = YES;
				GCC_WARN_UNINITIALIZED_AUTOS = YES_AGGRESSIVE;
				GCC_WARN_UNUSED_FUNCTION = YES;
				GCC_WARN_UNUSED_VARIABLE = YES;
				IPHONEOS_DEPLOYMENT_TARGET = 7.0;
				MTL_ENABLE_DEBUG_INFO = YES;
				ONLY_ACTIVE_ARCH = YES;
				SDKROOT = iphoneos;
			};
			name = Debug;
		};
		CB0A75FC1B29937800AC5096 /* Release */ = {
			isa = XCBuildConfiguration;
			buildSettings = {
				ALWAYS_SEARCH_USER_PATHS = NO;
				CLANG_CXX_LANGUAGE_STANDARD = "gnu++0x";
				CLANG_CXX_LIBRARY = "libc++";
				CLANG_ENABLE_MODULES = YES;
				CLANG_ENABLE_OBJC_ARC = YES;
				CLANG_WARN_BOOL_CONVERSION = YES;
				CLANG_WARN_CONSTANT_CONVERSION = YES;
				CLANG_WARN_DIRECT_OBJC_ISA_USAGE = YES_ERROR;
				CLANG_WARN_EMPTY_BODY = YES;
				CLANG_WARN_ENUM_CONVERSION = YES;
				CLANG_WARN_INT_CONVERSION = YES;
				CLANG_WARN_OBJC_ROOT_CLASS = YES_ERROR;
				CLANG_WARN_UNREACHABLE_CODE = YES;
				CLANG_WARN__DUPLICATE_METHOD_MATCH = YES;
				"CODE_SIGN_IDENTITY[sdk=iphoneos*]" = "iPhone Developer";
				COPY_PHASE_STRIP = YES;
				ENABLE_NS_ASSERTIONS = NO;
				ENABLE_STRICT_OBJC_MSGSEND = YES;
				GCC_C_LANGUAGE_STANDARD = gnu99;
				GCC_WARN_64_TO_32_BIT_CONVERSION = YES;
				GCC_WARN_ABOUT_RETURN_TYPE = YES_ERROR;
				GCC_WARN_UNDECLARED_SELECTOR = YES;
				GCC_WARN_UNINITIALIZED_AUTOS = YES_AGGRESSIVE;
				GCC_WARN_UNUSED_FUNCTION = YES;
				GCC_WARN_UNUSED_VARIABLE = YES;
				IPHONEOS_DEPLOYMENT_TARGET = 7.0;
				MTL_ENABLE_DEBUG_INFO = NO;
				SDKROOT = iphoneos;
				VALIDATE_PRODUCT = YES;
			};
			name = Release;
		};
		CB0A75FE1B29937800AC5096 /* Debug */ = {
			isa = XCBuildConfiguration;
			buildSettings = {
				ASSETCATALOG_COMPILER_APPICON_NAME = AppIcon;
				CODE_SIGN_IDENTITY = "iPhone Developer";
				INFOPLIST_FILE = "Test获取本机IP地址/Info.plist";
				LD_RUNPATH_SEARCH_PATHS = "$(inherited) @executable_path/Frameworks";
				PRODUCT_NAME = "$(TARGET_NAME)";
			};
			name = Debug;
		};
		CB0A75FF1B29937800AC5096 /* Release */ = {
			isa = XCBuildConfiguration;
			buildSettings = {
				ASSETCATALOG_COMPILER_APPICON_NAME = AppIcon;
				CODE_SIGN_IDENTITY = "iPhone Developer";
				INFOPLIST_FILE = "Test获取本机IP地址/Info.plist";
				LD_RUNPATH_SEARCH_PATHS = "$(inherited) @executable_path/Frameworks";
				PRODUCT_NAME = "$(TARGET_NAME)";
			};
			name = Release;
		};
		CB0A76011B29937800AC5096 /* Debug */ = {
			isa = XCBuildConfiguration;
			buildSettings = {
				BUNDLE_LOADER = "$(TEST_HOST)";
				FRAMEWORK_SEARCH_PATHS = (
					"$(SDKROOT)/Developer/Library/Frameworks",
					"$(inherited)",
				);
				GCC_PREPROCESSOR_DEFINITIONS = (
					"DEBUG=1",
					"$(inherited)",
				);
				INFOPLIST_FILE = "Test获取本机IP地址Tests/Info.plist";
				LD_RUNPATH_SEARCH_PATHS = "$(inherited) @executable_path/Frameworks @loader_path/Frameworks";
				PRODUCT_NAME = "$(TARGET_NAME)";
				TEST_HOST = "$(BUILT_PRODUCTS_DIR)/Test获取本机IP地址.app/Test获取本机IP地址";
			};
			name = Debug;
		};
		CB0A76021B29937800AC5096 /* Release */ = {
			isa = XCBuildConfiguration;
			buildSettings = {
				BUNDLE_LOADER = "$(TEST_HOST)";
				FRAMEWORK_SEARCH_PATHS = (
					"$(SDKROOT)/Developer/Library/Frameworks",
					"$(inherited)",
				);
				INFOPLIST_FILE = "Test获取本机IP地址Tests/Info.plist";
				LD_RUNPATH_SEARCH_PATHS = "$(inherited) @executable_path/Frameworks @loader_path/Frameworks";
				PRODUCT_NAME = "$(TARGET_NAME)";
				TEST_HOST = "$(BUILT_PRODUCTS_DIR)/Test获取本机IP地址.app/Test获取本机IP地址";
			};
			name = Release;
		};
/* End XCBuildConfiguration section */

/* Begin XCConfigurationList section */
		CB0A75D51B29937800AC5096 /* Build configuration list for PBXProject "Test获取本机IP地址" */ = {
			isa = XCConfigurationList;
			buildConfigurations = (
				CB0A75FB1B29937800AC5096 /* Debug */,
				CB0A75FC1B29937800AC5096 /* Release */,
			);
			defaultConfigurationIsVisible = 0;
			defaultConfigurationName = Release;
		};
		CB0A75FD1B29937800AC5096 /* Build configuration list for PBXNativeTarget "Test获取本机IP地址" */ = {
			isa = XCConfigurationList;
			buildConfigurations = (
				CB0A75FE1B29937800AC5096 /* Debug */,
				CB0A75FF1B29937800AC5096 /* Release */,
			);
			defaultConfigurationIsVisible = 0;
		};
		CB0A76001B29937800AC5096 /* Build configuration list for PBXNativeTarget "Test获取本机IP地址Tests" */ = {
			isa = XCConfigurationList;
			buildConfigurations = (
				CB0A76011B29937800AC5096 /* Debug */,
				CB0A76021B29937800AC5096 /* Release */,
			);
			defaultConfigurationIsVisible = 0;
		};
/* End XCConfigurationList section */
	};
	rootObject = CB0A75D21B29937800AC5096 /* Project object */;
}
